
Microsoft Visual Studio Solution File, Format Version 12.00
# Visual Studio Version 17
VisualStudioVersion = 17.14.36203.30
MinimumVisualStudioVersion = 10.0.40219.1
Project("{FAE04EC0-301F-11D3-BF4B-00C04F79EFBC}") = "DoctorFitAPI", "DoctorFitAPI.csproj", "{DCC34F08-ACBA-498B-9289-197D81D34A8A}"
EndProject
Project("{2150E333-8FDC-42A3-9474-1A3956D46DE8}") = "Source", "Source", "{02EA681E-C7D8-13C7-8484-4AC65E1B71E8}"
EndProject
Project("{2150E333-8FDC-42A3-9474-1A3956D46DE8}") = "Test", "Test", "{0B6AF52F-E06D-4CBD-8E18-4C8FEC8CA15E}"
EndProject
Project("{2150E333-8FDC-42A3-9474-1A3956D46DE8}") = "Presentation", "Presentation", "{AE3AA060-30FC-4351-9222-9BE888D8D3C7}"
EndProject
Project("{2150E333-8FDC-42A3-9474-1A3956D46DE8}") = "Infrastructure", "Infrastructure", "{BE141E5D-77FE-472E-811D-9E05B63E5DF6}"
EndProject
Project("{2150E333-8FDC-42A3-9474-1A3956D46DE8}") = "Core", "Core", "{4EF09F7F-7976-4887-ADA8-BBF001A3FF26}"
EndProject
Project("{FAE04EC0-301F-11D3-BF4B-00C04F79EFBC}") = "Application", "..\Application\Application.csproj", "{7F9893DD-15B4-40E4-B60E-33FCD9C80CB8}"
EndProject
Project("{FAE04EC0-301F-11D3-BF4B-00C04F79EFBC}") = "Entities", "..\Entities\Entities.csproj", "{8DB22397-E9EB-4495-8DF9-28129B362BC6}"
EndProject
Project("{FAE04EC0-301F-11D3-BF4B-00C04F79EFBC}") = "Persistance", "..\Persistance\Persistance.csproj", "{1839B294-6433-4C46-B6FC-642EBE58351C}"
EndProject
Project("{2150E333-8FDC-42A3-9474-1A3956D46DE8}") = "IdentityServer", "IdentityServer", "{4BA8A969-402C-4195-BC25-7746E79EB1DC}"
EndProject
Project("{FAE04EC0-301F-11D3-BF4B-00C04F79EFBC}") = "IDP", "..\IDP\IDP.csproj", "{93CA6FE3-CAF5-4826-83D6-3961FCA8BFFB}"
EndProject
Project("{2150E333-8FDC-42A3-9474-1A3956D46DE8}") = "DoctorFitBlazorUI", "DoctorFitBlazorUI", "{770F6458-D205-479B-83CC-C0D440182E5A}"
EndProject
Project("{FAE04EC0-301F-11D3-BF4B-00C04F79EFBC}") = "DoctorFitUI", "..\DoctorFitUI\DoctorFitUI.csproj", "{ADC8959C-B5DA-9DE2-B3AE-E4EE29ADC2E3}"
EndProject
Project("{2150E333-8FDC-42A3-9474-1A3956D46DE8}") = "Common", "Common", "{4798A6B7-C056-4FE9-A0C8-EE76B3FB041F}"
	ProjectSection(SolutionItems) = preProject
		..\IDP\Entities\ApplicationUser.cs = ..\IDP\Entities\ApplicationUser.cs
	EndProjectSection
EndProject
Global
	GlobalSection(SolutionConfigurationPlatforms) = preSolution
		Debug|Any CPU = Debug|Any CPU
		Release|Any CPU = Release|Any CPU
	EndGlobalSection
	GlobalSection(ProjectConfigurationPlatforms) = postSolution
		{DCC34F08-ACBA-498B-9289-197D81D34A8A}.Debug|Any CPU.ActiveCfg = Debug|Any CPU
		{DCC34F08-ACBA-498B-9289-197D81D34A8A}.Debug|Any CPU.Build.0 = Debug|Any CPU
		{DCC34F08-ACBA-498B-9289-197D81D34A8A}.Release|Any CPU.ActiveCfg = Release|Any CPU
		{DCC34F08-ACBA-498B-9289-197D81D34A8A}.Release|Any CPU.Build.0 = Release|Any CPU
		{7F9893DD-15B4-40E4-B60E-33FCD9C80CB8}.Debug|Any CPU.ActiveCfg = Debug|Any CPU
		{7F9893DD-15B4-40E4-B60E-33FCD9C80CB8}.Debug|Any CPU.Build.0 = Debug|Any CPU
		{7F9893DD-15B4-40E4-B60E-33FCD9C80CB8}.Release|Any CPU.ActiveCfg = Release|Any CPU
		{7F9893DD-15B4-40E4-B60E-33FCD9C80CB8}.Release|Any CPU.Build.0 = Release|Any CPU
		{8DB22397-E9EB-4495-8DF9-28129B362BC6}.Debug|Any CPU.ActiveCfg = Debug|Any CPU
		{8DB22397-E9EB-4495-8DF9-28129B362BC6}.Debug|Any CPU.Build.0 = Debug|Any CPU
		{8DB22397-E9EB-4495-8DF9-28129B362BC6}.Release|Any CPU.ActiveCfg = Release|Any CPU
		{8DB22397-E9EB-4495-8DF9-28129B362BC6}.Release|Any CPU.Build.0 = Release|Any CPU
		{1839B294-6433-4C46-B6FC-642EBE58351C}.Debug|Any CPU.ActiveCfg = Debug|Any CPU
		{1839B294-6433-4C46-B6FC-642EBE58351C}.Debug|Any CPU.Build.0 = Debug|Any CPU
		{1839B294-6433-4C46-B6FC-642EBE58351C}.Release|Any CPU.ActiveCfg = Release|Any CPU
		{1839B294-6433-4C46-B6FC-642EBE58351C}.Release|Any CPU.Build.0 = Release|Any CPU
		{93CA6FE3-CAF5-4826-83D6-3961FCA8BFFB}.Debug|Any CPU.ActiveCfg = Debug|Any CPU
		{93CA6FE3-CAF5-4826-83D6-3961FCA8BFFB}.Debug|Any CPU.Build.0 = Debug|Any CPU
		{93CA6FE3-CAF5-4826-83D6-3961FCA8BFFB}.Release|Any CPU.ActiveCfg = Release|Any CPU
		{93CA6FE3-CAF5-4826-83D6-3961FCA8BFFB}.Release|Any CPU.Build.0 = Release|Any CPU
		{ADC8959C-B5DA-9DE2-B3AE-E4EE29ADC2E3}.Debug|Any CPU.ActiveCfg = Debug|Any CPU
		{ADC8959C-B5DA-9DE2-B3AE-E4EE29ADC2E3}.Debug|Any CPU.Build.0 = Debug|Any CPU
		{ADC8959C-B5DA-9DE2-B3AE-E4EE29ADC2E3}.Release|Any CPU.ActiveCfg = Release|Any CPU
		{ADC8959C-B5DA-9DE2-B3AE-E4EE29ADC2E3}.Release|Any CPU.Build.0 = Release|Any CPU
	EndGlobalSection
	GlobalSection(SolutionProperties) = preSolution
		HideSolutionNode = FALSE
	EndGlobalSection
	GlobalSection(NestedProjects) = preSolution
		{DCC34F08-ACBA-498B-9289-197D81D34A8A} = {AE3AA060-30FC-4351-9222-9BE888D8D3C7}
		{AE3AA060-30FC-4351-9222-9BE888D8D3C7} = {02EA681E-C7D8-13C7-8484-4AC65E1B71E8}
		{BE141E5D-77FE-472E-811D-9E05B63E5DF6} = {02EA681E-C7D8-13C7-8484-4AC65E1B71E8}
		{4EF09F7F-7976-4887-ADA8-BBF001A3FF26} = {02EA681E-C7D8-13C7-8484-4AC65E1B71E8}
		{7F9893DD-15B4-40E4-B60E-33FCD9C80CB8} = {4EF09F7F-7976-4887-ADA8-BBF001A3FF26}
		{8DB22397-E9EB-4495-8DF9-28129B362BC6} = {4EF09F7F-7976-4887-ADA8-BBF001A3FF26}
		{1839B294-6433-4C46-B6FC-642EBE58351C} = {BE141E5D-77FE-472E-811D-9E05B63E5DF6}
		{93CA6FE3-CAF5-4826-83D6-3961FCA8BFFB} = {4BA8A969-402C-4195-BC25-7746E79EB1DC}
		{ADC8959C-B5DA-9DE2-B3AE-E4EE29ADC2E3} = {770F6458-D205-479B-83CC-C0D440182E5A}
	EndGlobalSection
	GlobalSection(ExtensibilityGlobals) = postSolution
		SolutionGuid = {4F457F0D-277D-4541-A9BD-0A12E43CF76D}
	EndGlobalSection
EndGlobal
